// !$*UTF8*$!
{
	archiveVersion = 1;
	classes = {
	};
	objectVersion = 46;
	objects = {

/* Begin PBXBuildFile section */
		450869D71D2BB76600B6FFFE /* VertexShader.glsl in Resources */ = {isa = PBXBuildFile; fileRef = 450869D61D2BB76600B6FFFE /* VertexShader.glsl */; };
		450869D91D2BB7BA00B6FFFE /* FragmentShader.glsl in Resources */ = {isa = PBXBuildFile; fileRef = 450869D81D2BB7BA00B6FFFE /* FragmentShader.glsl */; };
		452A4ABB1D2CB99000E2C212 /* ksVector.c in Sources */ = {isa = PBXBuildFile; fileRef = 452A4AB91D2CB99000E2C212 /* ksVector.c */; };
		45402EA21D2B7F2A00A5452B /* main.m in Sources */ = {isa = PBXBuildFile; fileRef = 45402EA11D2B7F2A00A5452B /* main.m */; };
		45402EA51D2B7F2A00A5452B /* AppDelegate.m in Sources */ = {isa = PBXBuildFile; fileRef = 45402EA41D2B7F2A00A5452B /* AppDelegate.m */; };
		45402EA81D2B7F2A00A5452B /* ViewController.m in Sources */ = {isa = PBXBuildFile; fileRef = 45402EA71D2B7F2A00A5452B /* ViewController.m */; };
		45402EAB1D2B7F2A00A5452B /* Main.storyboard in Resources */ = {isa = PBXBuildFile; fileRef = 45402EA91D2B7F2A00A5452B /* Main.storyboard */; };
		45402EAD1D2B7F2A00A5452B /* Assets.xcassets in Resources */ = {isa = PBXBuildFile; fileRef = 45402EAC1D2B7F2A00A5452B /* Assets.xcassets */; };
		45402EB01D2B7F2A00A5452B /* LaunchScreen.storyboard in Resources */ = {isa = PBXBuildFile; fileRef = 45402EAE1D2B7F2A00A5452B /* LaunchScreen.storyboard */; };
		45402EBB1D2B7F4000A5452B /* KZGLView.m in Sources */ = {isa = PBXBuildFile; fileRef = 45402EB81D2B7F4000A5452B /* KZGLView.m */; };
		45402EBF1D2B814000A5452B /* OpenGLES.framework in Frameworks */ = {isa = PBXBuildFile; fileRef = 45402EBE1D2B814000A5452B /* OpenGLES.framework */; };
		45402EC11D2B814600A5452B /* QuartzCore.framework in Frameworks */ = {isa = PBXBuildFile; fileRef = 45402EC01D2B814600A5452B /* QuartzCore.framework */; };
		45402EC41D2B823000A5452B /* KZGLUtils.m in Sources */ = {isa = PBXBuildFile; fileRef = 45402EC31D2B823000A5452B /* KZGLUtils.m */; };
		455269871D2CF36D0014892E /* KZGLThreeViewController.m in Sources */ = {isa = PBXBuildFile; fileRef = 455269861D2CF36D0014892E /* KZGLThreeViewController.m */; };
		4552698A1D2D03B60014892E /* KZRootViewController.m in Sources */ = {isa = PBXBuildFile; fileRef = 455269891D2D03B60014892E /* KZRootViewController.m */; };
		4579E50F1D2CAA2700CC2141 /* KZGLViewController.m in Sources */ = {isa = PBXBuildFile; fileRef = 4579E50E1D2CAA2700CC2141 /* KZGLViewController.m */; };
		4579E5111D2CACFC00CC2141 /* CoreGraphics.framework in Frameworks */ = {isa = PBXBuildFile; fileRef = 4579E5101D2CACFC00CC2141 /* CoreGraphics.framework */; };
		4579E5131D2CAD0300CC2141 /* GLKit.framework in Frameworks */ = {isa = PBXBuildFile; fileRef = 4579E5121D2CAD0300CC2141 /* GLKit.framework */; };
		4579E5161D2CB85500CC2141 /* ksMatrix.c in Sources */ = {isa = PBXBuildFile; fileRef = 4579E5141D2CB85500CC2141 /* ksMatrix.c */; };
/* End PBXBuildFile section */

/* Begin PBXFileReference section */
		450869D61D2BB76600B6FFFE /* VertexShader.glsl */ = {isa = PBXFileReference; fileEncoding = 4; lastKnownFileType = text; path = VertexShader.glsl; sourceTree = "<group>"; };
		450869D81D2BB7BA00B6FFFE /* FragmentShader.glsl */ = {isa = PBXFileReference; fileEncoding = 4; lastKnownFileType = text; path = FragmentShader.glsl; sourceTree = "<group>"; };
		452A4AB91D2CB99000E2C212 /* ksVector.c */ = {isa = PBXFileReference; fileEncoding = 4; lastKnownFileType = sourcecode.c.c; path = ksVector.c; sourceTree = "<group>"; };
		452A4ABA1D2CB99000E2C212 /* ksVector.h */ = {isa = PBXFileReference; fileEncoding = 4; lastKnownFileType = sourcecode.c.h; path = ksVector.h; sourceTree = "<group>"; };
		45402E9D1D2B7F2A00A5452B /* KZOpenGLTest.app */ = {isa = PBXFileReference; explicitFileType = wrapper.application; includeInIndex = 0; path = KZOpenGLTest.app; sourceTree = BUILT_PRODUCTS_DIR; };
		45402EA11D2B7F2A00A5452B /* main.m */ = {isa = PBXFileReference; lastKnownFileType = sourcecode.c.objc; path = main.m; sourceTree = "<group>"; };
		45402EA31D2B7F2A00A5452B /* AppDelegate.h */ = {isa = PBXFileReference; lastKnownFileType = sourcecode.c.h; path = AppDelegate.h; sourceTree = "<group>"; };
		45402EA41D2B7F2A00A5452B /* AppDelegate.m */ = {isa = PBXFileReference; lastKnownFileType = sourcecode.c.objc; path = AppDelegate.m; sourceTree = "<group>"; };
		45402EA61D2B7F2A00A5452B /* ViewController.h */ = {isa = PBXFileReference; lastKnownFileType = sourcecode.c.h; path = ViewController.h; sourceTree = "<group>"; };
		45402EA71D2B7F2A00A5452B /* ViewController.m */ = {isa = PBXFileReference; lastKnownFileType = sourcecode.c.objc; path = ViewController.m; sourceTree = "<group>"; };
		45402EAA1D2B7F2A00A5452B /* Base */ = {isa = PBXFileReference; lastKnownFileType = file.storyboard; name = Base; path = Base.lproj/Main.storyboard; sourceTree = "<group>"; };
		45402EAC1D2B7F2A00A5452B /* Assets.xcassets */ = {isa = PBXFileReference; lastKnownFileType = folder.assetcatalog; path = Assets.xcassets; sourceTree = "<group>"; };
		45402EAF1D2B7F2A00A5452B /* Base */ = {isa = PBXFileReference; lastKnownFileType = file.storyboard; name = Base; path = Base.lproj/LaunchScreen.storyboard; sourceTree = "<group>"; };
		45402EB11D2B7F2A00A5452B /* Info.plist */ = {isa = PBXFileReference; lastKnownFileType = text.plist.xml; path = Info.plist; sourceTree = "<group>"; };
		45402EB71D2B7F4000A5452B /* KZGLView.h */ = {isa = PBXFileReference; fileEncoding = 4; lastKnownFileType = sourcecode.c.h; path = KZGLView.h; sourceTree = "<group>"; };
		45402EB81D2B7F4000A5452B /* KZGLView.m */ = {isa = PBXFileReference; fileEncoding = 4; lastKnownFileType = sourcecode.c.objc; path = KZGLView.m; sourceTree = "<group>"; };
		45402EBD1D2B7F4D00A5452B /* PrefixHeader.pch */ = {isa = PBXFileReference; lastKnownFileType = sourcecode.c.h; path = PrefixHeader.pch; sourceTree = "<group>"; };
		45402EBE1D2B814000A5452B /* OpenGLES.framework */ = {isa = PBXFileReference; lastKnownFileType = wrapper.framework; name = OpenGLES.framework; path = System/Library/Frameworks/OpenGLES.framework; sourceTree = SDKROOT; };
		45402EC01D2B814600A5452B /* QuartzCore.framework */ = {isa = PBXFileReference; lastKnownFileType = wrapper.framework; name = QuartzCore.framework; path = System/Library/Frameworks/QuartzCore.framework; sourceTree = SDKROOT; };
		45402EC21D2B823000A5452B /* KZGLUtils.h */ = {isa = PBXFileReference; fileEncoding = 4; lastKnownFileType = sourcecode.c.h; path = KZGLUtils.h; sourceTree = "<group>"; };
		45402EC31D2B823000A5452B /* KZGLUtils.m */ = {isa = PBXFileReference; fileEncoding = 4; lastKnownFileType = sourcecode.c.objc; path = KZGLUtils.m; sourceTree = "<group>"; };
		455269851D2CF36D0014892E /* KZGLThreeViewController.h */ = {isa = PBXFileReference; fileEncoding = 4; lastKnownFileType = sourcecode.c.h; path = KZGLThreeViewController.h; sourceTree = "<group>"; };
		455269861D2CF36D0014892E /* KZGLThreeViewController.m */ = {isa = PBXFileReference; fileEncoding = 4; lastKnownFileType = sourcecode.c.objc; path = KZGLThreeViewController.m; sourceTree = "<group>"; };
		455269881D2D03B60014892E /* KZRootViewController.h */ = {isa = PBXFileReference; fileEncoding = 4; lastKnownFileType = sourcecode.c.h; path = KZRootViewController.h; sourceTree = "<group>"; };
		455269891D2D03B60014892E /* KZRootViewController.m */ = {isa = PBXFileReference; fileEncoding = 4; lastKnownFileType = sourcecode.c.objc; path = KZRootViewController.m; sourceTree = "<group>"; };
		4579E50D1D2CAA2700CC2141 /* KZGLViewController.h */ = {isa = PBXFileReference; fileEncoding = 4; lastKnownFileType = sourcecode.c.h; path = KZGLViewController.h; sourceTree = "<group>"; };
		4579E50E1D2CAA2700CC2141 /* KZGLViewController.m */ = {isa = PBXFileReference; fileEncoding = 4; lastKnownFileType = sourcecode.c.objc; path = KZGLViewController.m; sourceTree = "<group>"; };
		4579E5101D2CACFC00CC2141 /* CoreGraphics.framework */ = {isa = PBXFileReference; lastKnownFileType = wrapper.framework; name = CoreGraphics.framework; path = System/Library/Frameworks/CoreGraphics.framework; sourceTree = SDKROOT; };
		4579E5121D2CAD0300CC2141 /* GLKit.framework */ = {isa = PBXFileReference; lastKnownFileType = wrapper.framework; name = GLKit.framework; path = System/Library/Frameworks/GLKit.framework; sourceTree = SDKROOT; };
		4579E5141D2CB85500CC2141 /* ksMatrix.c */ = {isa = PBXFileReference; fileEncoding = 4; lastKnownFileType = sourcecode.c.c; path = ksMatrix.c; sourceTree = "<group>"; };
		4579E5151D2CB85500CC2141 /* ksMatrix.h */ = {isa = PBXFileReference; fileEncoding = 4; lastKnownFileType = sourcecode.c.h; path = ksMatrix.h; sourceTree = "<group>"; };
/* End PBXFileReference section */

/* Begin PBXFrameworksBuildPhase section */
		45402E9A1D2B7F2A00A5452B /* Frameworks */ = {
			isa = PBXFrameworksBuildPhase;
			buildActionMask = 2147483647;
			files = (
				4579E5131D2CAD0300CC2141 /* GLKit.framework in Frameworks */,
				4579E5111D2CACFC00CC2141 /* CoreGraphics.framework in Frameworks */,
				45402EC11D2B814600A5452B /* QuartzCore.framework in Frameworks */,
				45402EBF1D2B814000A5452B /* OpenGLES.framework in Frameworks */,
			);
			runOnlyForDeploymentPostprocessing = 0;
		};
/* End PBXFrameworksBuildPhase section */

/* Begin PBXGroup section */
		452A4ABC1D2CBA0A00E2C212 /* Utils */ = {
			isa = PBXGroup;
			children = (
				45402EC21D2B823000A5452B /* KZGLUtils.h */,
				45402EC31D2B823000A5452B /* KZGLUtils.m */,
				4579E5141D2CB85500CC2141 /* ksMatrix.c */,
				4579E5151D2CB85500CC2141 /* ksMatrix.h */,
				452A4AB91D2CB99000E2C212 /* ksVector.c */,
				452A4ABA1D2CB99000E2C212 /* ksVector.h */,
			);
			name = Utils;
			sourceTree = "<group>";
		};
		45402E941D2B7F2A00A5452B = {
			isa = PBXGroup;
			children = (
				4579E5121D2CAD0300CC2141 /* GLKit.framework */,
				4579E5101D2CACFC00CC2141 /* CoreGraphics.framework */,
				45402EC01D2B814600A5452B /* QuartzCore.framework */,
				45402EBE1D2B814000A5452B /* OpenGLES.framework */,
				45402E9F1D2B7F2A00A5452B /* KZOpenGLTest */,
				45402E9E1D2B7F2A00A5452B /* Products */,
			);
			sourceTree = "<group>";
		};
		45402E9E1D2B7F2A00A5452B /* Products */ = {
			isa = PBXGroup;
			children = (
				45402E9D1D2B7F2A00A5452B /* KZOpenGLTest.app */,
			);
			name = Products;
			sourceTree = "<group>";
		};
		45402E9F1D2B7F2A00A5452B /* KZOpenGLTest */ = {
			isa = PBXGroup;
			children = (
				45402EA31D2B7F2A00A5452B /* AppDelegate.h */,
				45402EA41D2B7F2A00A5452B /* AppDelegate.m */,
				455269881D2D03B60014892E /* KZRootViewController.h */,
				455269891D2D03B60014892E /* KZRootViewController.m */,
				45402EA61D2B7F2A00A5452B /* ViewController.h */,
				45402EA71D2B7F2A00A5452B /* ViewController.m */,
				4579E50D1D2CAA2700CC2141 /* KZGLViewController.h */,
				4579E50E1D2CAA2700CC2141 /* KZGLViewController.m */,
				455269851D2CF36D0014892E /* KZGLThreeViewController.h */,
				455269861D2CF36D0014892E /* KZGLThreeViewController.m */,
				45402EB71D2B7F4000A5452B /* KZGLView.h */,
				45402EB81D2B7F4000A5452B /* KZGLView.m */,
				452A4ABC1D2CBA0A00E2C212 /* Utils */,
				450869D61D2BB76600B6FFFE /* VertexShader.glsl */,
				450869D81D2BB7BA00B6FFFE /* FragmentShader.glsl */,
				45402EA91D2B7F2A00A5452B /* Main.storyboard */,
				45402EAC1D2B7F2A00A5452B /* Assets.xcassets */,
				45402EAE1D2B7F2A00A5452B /* LaunchScreen.storyboard */,
				45402EB11D2B7F2A00A5452B /* Info.plist */,
				45402EBD1D2B7F4D00A5452B /* PrefixHeader.pch */,
				45402EA01D2B7F2A00A5452B /* Supporting Files */,
			);
			path = KZOpenGLTest;
			sourceTree = "<group>";
		};
		45402EA01D2B7F2A00A5452B /* Supporting Files */ = {
			isa = PBXGroup;
			children = (
				45402EA11D2B7F2A00A5452B /* main.m */,
			);
			name = "Supporting Files";
			sourceTree = "<group>";
		};
/* End PBXGroup section */

/* Begin PBXNativeTarget section */
		45402E9C1D2B7F2A00A5452B /* KZOpenGLTest */ = {
			isa = PBXNativeTarget;
			buildConfigurationList = 45402EB41D2B7F2A00A5452B /* Build configuration list for PBXNativeTarget "KZOpenGLTest" */;
			buildPhases = (
				45402E991D2B7F2A00A5452B /* Sources */,
				45402E9A1D2B7F2A00A5452B /* Frameworks */,
				45402E9B1D2B7F2A00A5452B /* Resources */,
			);
			buildRules = (
			);
			dependencies = (
			);
			name = KZOpenGLTest;
			productName = KZOpenGLTest;
			productReference = 45402E9D1D2B7F2A00A5452B /* KZOpenGLTest.app */;
			productType = "com.apple.product-type.application";
		};
/* End PBXNativeTarget section */

/* Begin PBXProject section */
		45402E951D2B7F2A00A5452B /* Project object */ = {
			isa = PBXProject;
			attributes = {
				LastUpgradeCheck = 0730;
				ORGANIZATIONNAME = "侯康柱";
				TargetAttributes = {
					45402E9C1D2B7F2A00A5452B = {
						CreatedOnToolsVersion = 7.3;
					};
				};
			};
			buildConfigurationList = 45402E981D2B7F2A00A5452B /* Build configuration list for PBXProject "KZOpenGLTest" */;
			compatibilityVersion = "Xcode 3.2";
			developmentRegion = English;
			hasScannedForEncodings = 0;
			knownRegions = (
				en,
				Base,
			);
			mainGroup = 45402E941D2B7F2A00A5452B;
			productRefGroup = 45402E9E1D2B7F2A00A5452B /* Products */;
			projectDirPath = "";
			projectRoot = "";
			targets = (
				45402E9C1D2B7F2A00A5452B /* KZOpenGLTest */,
			);
		};
/* End PBXProject section */

/* Begin PBXResourcesBuildPhase section */
		45402E9B1D2B7F2A00A5452B /* Resources */ = {
			isa = PBXResourcesBuildPhase;
			buildActionMask = 2147483647;
			files = (
				45402EB01D2B7F2A00A5452B /* LaunchScreen.storyboard in Resources */,
				45402EAD1D2B7F2A00A5452B /* Assets.xcassets in Resources */,
				450869D71D2BB76600B6FFFE /* VertexShader.glsl in Resources */,
				45402EAB1D2B7F2A00A5452B /* Main.storyboard in Resources */,
				450869D91D2BB7BA00B6FFFE /* FragmentShader.glsl in Resources */,
			);
			runOnlyForDeploymentPostprocessing = 0;
		};
/* End PBXResourcesBuildPhase section */

/* Begin PBXSourcesBuildPhase section */
		45402E991D2B7F2A00A5452B /* Sources */ = {
			isa = PBXSourcesBuildPhase;
			buildActionMask = 2147483647;
			files = (
				4579E5161D2CB85500CC2141 /* ksMatrix.c in Sources */,
				45402EBB1D2B7F4000A5452B /* KZGLView.m in Sources */,
				45402EA81D2B7F2A00A5452B /* ViewController.m in Sources */,
				45402EC41D2B823000A5452B /* KZGLUtils.m in Sources */,
				452A4ABB1D2CB99000E2C212 /* ksVector.c in Sources */,
				4552698A1D2D03B60014892E /* KZRootViewController.m in Sources */,
				455269871D2CF36D0014892E /* KZGLThreeViewController.m in Sources */,
				45402EA51D2B7F2A00A5452B /* AppDelegate.m in Sources */,
				4579E50F1D2CAA2700CC2141 /* KZGLViewController.m in Sources */,
				45402EA21D2B7F2A00A5452B /* main.m in Sources */,
			);
			runOnlyForDeploymentPostprocessing = 0;
		};
/* End PBXSourcesBuildPhase section */

/* Begin PBXVariantGroup section */
		45402EA91D2B7F2A00A5452B /* Main.storyboard */ = {
			isa = PBXVariantGroup;
			children = (
				45402EAA1D2B7F2A00A5452B /* Base */,
			);
			name = Main.storyboard;
			sourceTree = "<group>";
		};
		45402EAE1D2B7F2A00A5452B /* LaunchScreen.storyboard */ = {
			isa = PBXVariantGroup;
			children = (
				45402EAF1D2B7F2A00A5452B /* Base */,
			);
			name = LaunchScreen.storyboard;
			sourceTree = "<group>";
		};
/* End PBXVariantGroup section */

/* Begin XCBuildConfiguration section */
		45402EB21D2B7F2A00A5452B /* Debug */ = {
			isa = XCBuildConfiguration;
			buildSettings = {
				ALWAYS_SEARCH_USER_PATHS = NO;
				CLANG_ANALYZER_NONNULL = YES;
				CLANG_CXX_LANGUAGE_STANDARD = "gnu++0x";
				CLANG_CXX_LIBRARY = "libc++";
				CLANG_ENABLE_MODULES = YES;
				CLANG_ENABLE_OBJC_ARC = YES;
				CLANG_WARN_BOOL_CONVERSION = YES;
				CLANG_WARN_CONSTANT_CONVERSION = YES;
				CLANG_WARN_DIRECT_OBJC_ISA_USAGE = YES_ERROR;
				CLANG_WARN_EMPTY_BODY = YES;
				CLANG_WARN_ENUM_CONVERSION = YES;
				CLANG_WARN_INT_CONVERSION = YES;
				CLANG_WARN_OBJC_ROOT_CLASS = YES_ERROR;
				CLANG_WARN_UNREACHABLE_CODE = YES;
				CLANG_WARN__DUPLICATE_METHOD_MATCH = YES;
				"CODE_SIGN_IDENTITY[sdk=iphoneos*]" = "iPhone Developer";
				COPY_PHASE_STRIP = NO;
				DEBUG_INFORMATION_FORMAT = dwarf;
				ENABLE_STRICT_OBJC_MSGSEND = YES;
				ENABLE_TESTABILITY = YES;
				GCC_C_LANGUAGE_STANDARD = gnu99;
				GCC_DYNAMIC_NO_PIC = NO;
				GCC_NO_COMMON_BLOCKS = YES;
				GCC_OPTIMIZATION_LEVEL = 0;
				GCC_PREPROCESSOR_DEFINITIONS = (
					"DEBUG=1",
					"$(inherited)",
				);
				GCC_WARN_64_TO_32_BIT_CONVERSION = YES;
				GCC_WARN_ABOUT_RETURN_TYPE = YES_ERROR;
				GCC_WARN_UNDECLARED_SELECTOR = YES;
				GCC_WARN_UNINITIALIZED_AUTOS = YES_AGGRESSIVE;
				GCC_WARN_UNUSED_FUNCTION = YES;
				GCC_WARN_UNUSED_VARIABLE = YES;
				IPHONEOS_DEPLOYMENT_TARGET = 9.3;
				MTL_ENABLE_DEBUG_INFO = YES;
				ONLY_ACTIVE_ARCH = YES;
				SDKROOT = iphoneos;
				TARGETED_DEVICE_FAMILY = "1,2";
			};
			name = Debug;
		};
		45402EB31D2B7F2A00A5452B /* Release */ = {
			isa = XCBuildConfiguration;
			buildSettings = {
				ALWAYS_SEARCH_USER_PATHS = NO;
				CLANG_ANALYZER_NONNULL = YES;
				CLANG_CXX_LANGUAGE_STANDARD = "gnu++0x";
				CLANG_CXX_LIBRARY = "libc++";
				CLANG_ENABLE_MODULES = YES;
				CLANG_ENABLE_OBJC_ARC = YES;
				CLANG_WARN_BOOL_CONVERSION = YES;
				CLANG_WARN_CONSTANT_CONVERSION = YES;
				CLANG_WARN_DIRECT_OBJC_ISA_USAGE = YES_ERROR;
				CLANG_WARN_EMPTY_BODY = YES;
				CLANG_WARN_ENUM_CONVERSION = YES;
				CLANG_WARN_INT_CONVERSION = YES;
				CLANG_WARN_OBJC_ROOT_CLASS = YES_ERROR;
				CLANG_WARN_UNREACHABLE_CODE = YES;
				CLANG_WARN__DUPLICATE_METHOD_MATCH = YES;
				"CODE_SIGN_IDENTITY[sdk=iphoneos*]" = "iPhone Developer";
				COPY_PHASE_STRIP = NO;
				DEBUG_INFORMATION_FORMAT = "dwarf-with-dsym";
				ENABLE_NS_ASSERTIONS = NO;
				ENABLE_STRICT_OBJC_MSGSEND = YES;
				GCC_C_LANGUAGE_STANDARD = gnu99;
				GCC_NO_COMMON_BLOCKS = YES;
				GCC_WARN_64_TO_32_BIT_CONVERSION = YES;
				GCC_WARN_ABOUT_RETURN_TYPE = YES_ERROR;
				GCC_WARN_UNDECLARED_SELECTOR = YES;
				GCC_WARN_UNINITIALIZED_AUTOS = YES_AGGRESSIVE;
				GCC_WARN_UNUSED_FUNCTION = YES;
				GCC_WARN_UNUSED_VARIABLE = YES;
				IPHONEOS_DEPLOYMENT_TARGET = 9.3;
				MTL_ENABLE_DEBUG_INFO = NO;
				SDKROOT = iphoneos;
				TARGETED_DEVICE_FAMILY = "1,2";
				VALIDATE_PRODUCT = YES;
			};
			name = Release;
		};
		45402EB51D2B7F2A00A5452B /* Debug */ = {
			isa = XCBuildConfiguration;
			buildSettings = {
				ASSETCATALOG_COMPILER_APPICON_NAME = AppIcon;
				GCC_PREFIX_HEADER = "$(SRCROOT)/KZOpenGLTest/PrefixHeader.pch";
				INFOPLIST_FILE = KZOpenGLTest/Info.plist;
				IPHONEOS_DEPLOYMENT_TARGET = 8.0;
				LD_RUNPATH_SEARCH_PATHS = "$(inherited) @executable_path/Frameworks";
				PRODUCT_BUNDLE_IDENTIFIER = com.houkangzhu.KZOpenGLTest;
				PRODUCT_NAME = "$(TARGET_NAME)";
			};
			name = Debug;
		};
		45402EB61D2B7F2A00A5452B /* Release */ = {
			isa = XCBuildConfiguration;
			buildSettings = {
				ASSETCATALOG_COMPILER_APPICON_NAME = AppIcon;
				GCC_PREFIX_HEADER = "$(SRCROOT)/KZOpenGLTest/PrefixHeader.pch";
				INFOPLIST_FILE = KZOpenGLTest/Info.plist;
				IPHONEOS_DEPLOYMENT_TARGET = 8.0;
				LD_RUNPATH_SEARCH_PATHS = "$(inherited) @executable_path/Frameworks";
				PRODUCT_BUNDLE_IDENTIFIER = com.houkangzhu.KZOpenGLTest;
				PRODUCT_NAME = "$(TARGET_NAME)";
			};
			name = Release;
		};
/* End XCBuildConfiguration section */

/* Begin XCConfigurationList section */
		45402E981D2B7F2A00A5452B /* Build configuration list for PBXProject "KZOpenGLTest" */ = {
			isa = XCConfigurationList;
			buildConfigurations = (
				45402EB21D2B7F2A00A5452B /* Debug */,
				45402EB31D2B7F2A00A5452B /* Release */,
			);
			defaultConfigurationIsVisible = 0;
			defaultConfigurationName = Release;
		};
		45402EB41D2B7F2A00A5452B /* Build configuration list for PBXNativeTarget "KZOpenGLTest" */ = {
			isa = XCConfigurationList;
			buildConfigurations = (
				45402EB51D2B7F2A00A5452B /* Debug */,
				45402EB61D2B7F2A00A5452B /* Release */,
			);
			defaultConfigurationIsVisible = 0;
			defaultConfigurationName = Release;
		};
/* End XCConfigurationList section */
	};
	rootObject = 45402E951D2B7F2A00A5452B /* Project object */;
}
